// !$*UTF8*$!
{
	archiveVersion = 1;
	classes = {
	};
	objectVersion = 50;
	objects = {

/* Begin PBXBuildFile section */
		BA821669243BBB9C00F2C575 /* DetailsViewController.swift in Sources */ = {isa = PBXBuildFile; fileRef = BA821668243BBB9C00F2C575 /* DetailsViewController.swift */; };
		BABAECC02434E387007EDB47 /* TableViewCell.swift in Sources */ = {isa = PBXBuildFile; fileRef = BABAECBF2434E387007EDB47 /* TableViewCell.swift */; };
		BABAECC324350BCD007EDB47 /* SportsDataClient.swift in Sources */ = {isa = PBXBuildFile; fileRef = BABAECC224350BCD007EDB47 /* SportsDataClient.swift */; };
		BABAECC524350BDD007EDB47 /* StadiumResponse.swift in Sources */ = {isa = PBXBuildFile; fileRef = BABAECC424350BDD007EDB47 /* StadiumResponse.swift */; };
		BABAECC724351A1A007EDB47 /* NetworkingErrors.swift in Sources */ = {isa = PBXBuildFile; fileRef = BABAECC624351A1A007EDB47 /* NetworkingErrors.swift */; };
		BABAECC924351DFD007EDB47 /* StadiumArray.swift in Sources */ = {isa = PBXBuildFile; fileRef = BABAECC824351DFD007EDB47 /* StadiumArray.swift */; };
		BAD59889242E710600D77AAF /* AppDelegate.swift in Sources */ = {isa = PBXBuildFile; fileRef = BAD59888242E710600D77AAF /* AppDelegate.swift */; };
		BAD5988B242E710600D77AAF /* SceneDelegate.swift in Sources */ = {isa = PBXBuildFile; fileRef = BAD5988A242E710600D77AAF /* SceneDelegate.swift */; };
		BAD59890242E710600D77AAF /* Main.storyboard in Resources */ = {isa = PBXBuildFile; fileRef = BAD5988E242E710600D77AAF /* Main.storyboard */; };
		BAD59893242E710600D77AAF /* FanGo.xcdatamodeld in Sources */ = {isa = PBXBuildFile; fileRef = BAD59891242E710600D77AAF /* FanGo.xcdatamodeld */; };
		BAD59895242E710A00D77AAF /* Assets.xcassets in Resources */ = {isa = PBXBuildFile; fileRef = BAD59894242E710A00D77AAF /* Assets.xcassets */; };
		BAD59898242E710A00D77AAF /* LaunchScreen.storyboard in Resources */ = {isa = PBXBuildFile; fileRef = BAD59896242E710A00D77AAF /* LaunchScreen.storyboard */; };
		BAD598A3242E73FB00D77AAF /* MapViewController.swift in Sources */ = {isa = PBXBuildFile; fileRef = BAD598A2242E73FB00D77AAF /* MapViewController.swift */; };
		BAD598A5242E75D300D77AAF /* StadiumListViewController.swift in Sources */ = {isa = PBXBuildFile; fileRef = BAD598A4242E75D300D77AAF /* StadiumListViewController.swift */; };
/* End PBXBuildFile section */

/* Begin PBXFileReference section */
		BA821668243BBB9C00F2C575 /* DetailsViewController.swift */ = {isa = PBXFileReference; lastKnownFileType = sourcecode.swift; path = DetailsViewController.swift; sourceTree = "<group>"; };
		BABAECBF2434E387007EDB47 /* TableViewCell.swift */ = {isa = PBXFileReference; lastKnownFileType = sourcecode.swift; path = TableViewCell.swift; sourceTree = "<group>"; };
		BABAECC224350BCD007EDB47 /* SportsDataClient.swift */ = {isa = PBXFileReference; lastKnownFileType = sourcecode.swift; path = SportsDataClient.swift; sourceTree = "<group>"; };
		BABAECC424350BDD007EDB47 /* StadiumResponse.swift */ = {isa = PBXFileReference; lastKnownFileType = sourcecode.swift; path = StadiumResponse.swift; sourceTree = "<group>"; };
		BABAECC624351A1A007EDB47 /* NetworkingErrors.swift */ = {isa = PBXFileReference; lastKnownFileType = sourcecode.swift; path = NetworkingErrors.swift; sourceTree = "<group>"; };
		BABAECC824351DFD007EDB47 /* StadiumArray.swift */ = {isa = PBXFileReference; lastKnownFileType = sourcecode.swift; path = StadiumArray.swift; sourceTree = "<group>"; };
		BAD59885242E710600D77AAF /* FanGo.app */ = {isa = PBXFileReference; explicitFileType = wrapper.application; includeInIndex = 0; path = FanGo.app; sourceTree = BUILT_PRODUCTS_DIR; };
		BAD59888242E710600D77AAF /* AppDelegate.swift */ = {isa = PBXFileReference; lastKnownFileType = sourcecode.swift; path = AppDelegate.swift; sourceTree = "<group>"; };
		BAD5988A242E710600D77AAF /* SceneDelegate.swift */ = {isa = PBXFileReference; lastKnownFileType = sourcecode.swift; path = SceneDelegate.swift; sourceTree = "<group>"; };
		BAD5988F242E710600D77AAF /* Base */ = {isa = PBXFileReference; lastKnownFileType = file.storyboard; name = Base; path = Base.lproj/Main.storyboard; sourceTree = "<group>"; };
		BAD59892242E710600D77AAF /* FanGo.xcdatamodel */ = {isa = PBXFileReference; lastKnownFileType = wrapper.xcdatamodel; path = FanGo.xcdatamodel; sourceTree = "<group>"; };
		BAD59894242E710A00D77AAF /* Assets.xcassets */ = {isa = PBXFileReference; lastKnownFileType = folder.assetcatalog; path = Assets.xcassets; sourceTree = "<group>"; };
		BAD59897242E710A00D77AAF /* Base */ = {isa = PBXFileReference; lastKnownFileType = file.storyboard; name = Base; path = Base.lproj/LaunchScreen.storyboard; sourceTree = "<group>"; };
		BAD59899242E710A00D77AAF /* Info.plist */ = {isa = PBXFileReference; lastKnownFileType = text.plist.xml; path = Info.plist; sourceTree = "<group>"; };
		BAD598A2242E73FB00D77AAF /* MapViewController.swift */ = {isa = PBXFileReference; lastKnownFileType = sourcecode.swift; path = MapViewController.swift; sourceTree = "<group>"; };
		BAD598A4242E75D300D77AAF /* StadiumListViewController.swift */ = {isa = PBXFileReference; lastKnownFileType = sourcecode.swift; path = StadiumListViewController.swift; sourceTree = "<group>"; };
/* End PBXFileReference section */

/* Begin PBXFrameworksBuildPhase section */
		BAD59882242E710600D77AAF /* Frameworks */ = {
			isa = PBXFrameworksBuildPhase;
			buildActionMask = 2147483647;
			files = (
			);
			runOnlyForDeploymentPostprocessing = 0;
		};
/* End PBXFrameworksBuildPhase section */

/* Begin PBXGroup section */
		BABAECC124350B79007EDB47 /* Networking */ = {
			isa = PBXGroup;
			children = (
				BABAECC224350BCD007EDB47 /* SportsDataClient.swift */,
				BABAECC424350BDD007EDB47 /* StadiumResponse.swift */,
				BABAECC624351A1A007EDB47 /* NetworkingErrors.swift */,
			);
			path = Networking;
			sourceTree = "<group>";
		};
		BAD5987C242E710600D77AAF = {
			isa = PBXGroup;
			children = (
				BAD59887242E710600D77AAF /* FanGo */,
				BAD59886242E710600D77AAF /* Products */,
			);
			sourceTree = "<group>";
		};
		BAD59886242E710600D77AAF /* Products */ = {
			isa = PBXGroup;
			children = (
				BAD59885242E710600D77AAF /* FanGo.app */,
			);
			name = Products;
			sourceTree = "<group>";
		};
		BAD59887242E710600D77AAF /* FanGo */ = {
			isa = PBXGroup;
			children = (
				BAD598A1242E718C00D77AAF /* Model */,
				BAD5989F242E718200D77AAF /* Controller */,
				BAD598A0242E718800D77AAF /* View */,
				BAD59888242E710600D77AAF /* AppDelegate.swift */,
				BAD5988A242E710600D77AAF /* SceneDelegate.swift */,
				BAD59894242E710A00D77AAF /* Assets.xcassets */,
				BAD59899242E710A00D77AAF /* Info.plist */,
			);
			path = FanGo;
			sourceTree = "<group>";
		};
		BAD5989F242E718200D77AAF /* Controller */ = {
			isa = PBXGroup;
			children = (
				BAD598A2242E73FB00D77AAF /* MapViewController.swift */,
				BAD598A4242E75D300D77AAF /* StadiumListViewController.swift */,
				BA821668243BBB9C00F2C575 /* DetailsViewController.swift */,
			);
			path = Controller;
			sourceTree = "<group>";
		};
		BAD598A0242E718800D77AAF /* View */ = {
			isa = PBXGroup;
			children = (
				BAD59896242E710A00D77AAF /* LaunchScreen.storyboard */,
				BAD5988E242E710600D77AAF /* Main.storyboard */,
				BABAECBF2434E387007EDB47 /* TableViewCell.swift */,
			);
			path = View;
			sourceTree = "<group>";
		};
		BAD598A1242E718C00D77AAF /* Model */ = {
			isa = PBXGroup;
			children = (
				BABAECC124350B79007EDB47 /* Networking */,
				BAD59891242E710600D77AAF /* FanGo.xcdatamodeld */,
				BABAECC824351DFD007EDB47 /* StadiumArray.swift */,
			);
			path = Model;
			sourceTree = "<group>";
		};
/* End PBXGroup section */

/* Begin PBXNativeTarget section */
		BAD59884242E710600D77AAF /* FanGo */ = {
			isa = PBXNativeTarget;
			buildConfigurationList = BAD5989C242E710A00D77AAF /* Build configuration list for PBXNativeTarget "FanGo" */;
			buildPhases = (
				BAD59881242E710600D77AAF /* Sources */,
				BAD59882242E710600D77AAF /* Frameworks */,
				BAD59883242E710600D77AAF /* Resources */,
			);
			buildRules = (
			);
			dependencies = (
			);
			name = FanGo;
			productName = FanGo;
			productReference = BAD59885242E710600D77AAF /* FanGo.app */;
			productType = "com.apple.product-type.application";
		};
/* End PBXNativeTarget section */

/* Begin PBXProject section */
		BAD5987D242E710600D77AAF /* Project object */ = {
			isa = PBXProject;
			attributes = {
				LastSwiftUpdateCheck = 1140;
				LastUpgradeCheck = 1140;
				ORGANIZATIONNAME = "Timothy Adamcik";
				TargetAttributes = {
					BAD59884242E710600D77AAF = {
						CreatedOnToolsVersion = 11.4;
					};
				};
			};
			buildConfigurationList = BAD59880242E710600D77AAF /* Build configuration list for PBXProject "FanGo" */;
			compatibilityVersion = "Xcode 9.3";
			developmentRegion = en;
			hasScannedForEncodings = 0;
			knownRegions = (
				en,
				Base,
			);
			mainGroup = BAD5987C242E710600D77AAF;
			productRefGroup = BAD59886242E710600D77AAF /* Products */;
			projectDirPath = "";
			projectRoot = "";
			targets = (
				BAD59884242E710600D77AAF /* FanGo */,
			);
		};
/* End PBXProject section */

/* Begin PBXResourcesBuildPhase section */
		BAD59883242E710600D77AAF /* Resources */ = {
			isa = PBXResourcesBuildPhase;
			buildActionMask = 2147483647;
			files = (
				BAD59898242E710A00D77AAF /* LaunchScreen.storyboard in Resources */,
				BAD59895242E710A00D77AAF /* Assets.xcassets in Resources */,
				BAD59890242E710600D77AAF /* Main.storyboard in Resources */,
			);
			runOnlyForDeploymentPostprocessing = 0;
		};
/* End PBXResourcesBuildPhase section */

/* Begin PBXSourcesBuildPhase section */
		BAD59881242E710600D77AAF /* Sources */ = {
			isa = PBXSourcesBuildPhase;
			buildActionMask = 2147483647;
			files = (
				BABAECC324350BCD007EDB47 /* SportsDataClient.swift in Sources */,
				BAD598A3242E73FB00D77AAF /* MapViewController.swift in Sources */,
				BABAECC724351A1A007EDB47 /* NetworkingErrors.swift in Sources */,
				BAD59893242E710600D77AAF /* FanGo.xcdatamodeld in Sources */,
				BAD598A5242E75D300D77AAF /* StadiumListViewController.swift in Sources */,
				BABAECC924351DFD007EDB47 /* StadiumArray.swift in Sources */,
				BABAECC02434E387007EDB47 /* TableViewCell.swift in Sources */,
				BAD59889242E710600D77AAF /* AppDelegate.swift in Sources */,
				BABAECC524350BDD007EDB47 /* StadiumResponse.swift in Sources */,
				BA821669243BBB9C00F2C575 /* DetailsViewController.swift in Sources */,
				BAD5988B242E710600D77AAF /* SceneDelegate.swift in Sources */,
			);
			runOnlyForDeploymentPostprocessing = 0;
		};
/* End PBXSourcesBuildPhase section */

/* Begin PBXVariantGroup section */
		BAD5988E242E710600D77AAF /* Main.storyboard */ = {
			isa = PBXVariantGroup;
			children = (
				BAD5988F242E710600D77AAF /* Base */,
			);
			name = Main.storyboard;
			sourceTree = "<group>";
		};
		BAD59896242E710A00D77AAF /* LaunchScreen.storyboard */ = {
			isa = PBXVariantGroup;
			children = (
				BAD59897242E710A00D77AAF /* Base */,
			);
			name = LaunchScreen.storyboard;
			sourceTree = "<group>";
		};
/* End PBXVariantGroup section */

/* Begin XCBuildConfiguration section */
		BAD5989A242E710A00D77AAF /* Debug */ = {
			isa = XCBuildConfiguration;
			buildSettings = {
				ALWAYS_SEARCH_USER_PATHS = NO;
				CLANG_ANALYZER_NONNULL = YES;
				CLANG_ANALYZER_NUMBER_OBJECT_CONVERSION = YES_AGGRESSIVE;
				CLANG_CXX_LANGUAGE_STANDARD = "gnu++14";
				CLANG_CXX_LIBRARY = "libc++";
				CLANG_ENABLE_MODULES = YES;
				CLANG_ENABLE_OBJC_ARC = YES;
				CLANG_ENABLE_OBJC_WEAK = YES;
				CLANG_WARN_BLOCK_CAPTURE_AUTORELEASING = YES;
				CLANG_WARN_BOOL_CONVERSION = YES;
				CLANG_WARN_COMMA = YES;
				CLANG_WARN_CONSTANT_CONVERSION = YES;
				CLANG_WARN_DEPRECATED_OBJC_IMPLEMENTATIONS = YES;
				CLANG_WARN_DIRECT_OBJC_ISA_USAGE = YES_ERROR;
				CLANG_WARN_DOCUMENTATION_COMMENTS = YES;
				CLANG_WARN_EMPTY_BODY = YES;
				CLANG_WARN_ENUM_CONVERSION = YES;
				CLANG_WARN_INFINITE_RECURSION = YES;
				CLANG_WARN_INT_CONVERSION = YES;
				CLANG_WARN_NON_LITERAL_NULL_CONVERSION = YES;
				CLANG_WARN_OBJC_IMPLICIT_RETAIN_SELF = YES;
				CLANG_WARN_OBJC_LITERAL_CONVERSION = YES;
				CLANG_WARN_OBJC_ROOT_CLASS = YES_ERROR;
				CLANG_WARN_RANGE_LOOP_ANALYSIS = YES;
				CLANG_WARN_STRICT_PROTOTYPES = YES;
				CLANG_WARN_SUSPICIOUS_MOVE = YES;
				CLANG_WARN_UNGUARDED_AVAILABILITY = YES_AGGRESSIVE;
				CLANG_WARN_UNREACHABLE_CODE = YES;
				CLANG_WARN__DUPLICATE_METHOD_MATCH = YES;
				COPY_PHASE_STRIP = NO;
				DEBUG_INFORMATION_FORMAT = dwarf;
				ENABLE_STRICT_OBJC_MSGSEND = YES;
				ENABLE_TESTABILITY = YES;
				GCC_C_LANGUAGE_STANDARD = gnu11;
				GCC_DYNAMIC_NO_PIC = NO;
				GCC_NO_COMMON_BLOCKS = YES;
				GCC_OPTIMIZATION_LEVEL = 0;
				GCC_PREPROCESSOR_DEFINITIONS = (
					"DEBUG=1",
					"$(inherited)",
				);
				GCC_WARN_64_TO_32_BIT_CONVERSION = YES;
				GCC_WARN_ABOUT_RETURN_TYPE = YES_ERROR;
				GCC_WARN_UNDECLARED_SELECTOR = YES;
				GCC_WARN_UNINITIALIZED_AUTOS = YES_AGGRESSIVE;
				GCC_WARN_UNUSED_FUNCTION = YES;
				GCC_WARN_UNUSED_VARIABLE = YES;
				IPHONEOS_DEPLOYMENT_TARGET = 13.4;
				MTL_ENABLE_DEBUG_INFO = INCLUDE_SOURCE;
				MTL_FAST_MATH = YES;
				ONLY_ACTIVE_ARCH = YES;
				SDKROOT = iphoneos;
				SWIFT_ACTIVE_COMPILATION_CONDITIONS = DEBUG;
				SWIFT_OPTIMIZATION_LEVEL = "-Onone";
			};
			name = Debug;
		};
		BAD5989B242E710A00D77AAF /* Release */ = {
			isa = XCBuildConfiguration;
			buildSettings = {
				ALWAYS_SEARCH_USER_PATHS = NO;
				CLANG_ANALYZER_NONNULL = YES;
				CLANG_ANALYZER_NUMBER_OBJECT_CONVERSION = YES_AGGRESSIVE;
				CLANG_CXX_LANGUAGE_STANDARD = "gnu++14";
				CLANG_CXX_LIBRARY = "libc++";
				CLANG_ENABLE_MODULES = YES;
				CLANG_ENABLE_OBJC_ARC = YES;
				CLANG_ENABLE_OBJC_WEAK = YES;
				CLANG_WARN_BLOCK_CAPTURE_AUTORELEASING = YES;
				CLANG_WARN_BOOL_CONVERSION = YES;
				CLANG_WARN_COMMA = YES;
				CLANG_WARN_CONSTANT_CONVERSION = YES;
				CLANG_WARN_DEPRECATED_OBJC_IMPLEMENTATIONS = YES;
				CLANG_WARN_DIRECT_OBJC_ISA_USAGE = YES_ERROR;
				CLANG_WARN_DOCUMENTATION_COMMENTS = YES;
				CLANG_WARN_EMPTY_BODY = YES;
				CLANG_WARN_ENUM_CONVERSION = YES;
				CLANG_WARN_INFINITE_RECURSION = YES;
				CLANG_WARN_INT_CONVERSION = YES;
				CLANG_WARN_NON_LITERAL_NULL_CONVERSION = YES;
				CLANG_WARN_OBJC_IMPLICIT_RETAIN_SELF = YES;
				CLANG_WARN_OBJC_LITERAL_CONVERSION = YES;
				CLANG_WARN_OBJC_ROOT_CLASS = YES_ERROR;
				CLANG_WARN_RANGE_LOOP_ANALYSIS = YES;
				CLANG_WARN_STRICT_PROTOTYPES = YES;
				CLANG_WARN_SUSPICIOUS_MOVE = YES;
				CLANG_WARN_UNGUARDED_AVAILABILITY = YES_AGGRESSIVE;
				CLANG_WARN_UNREACHABLE_CODE = YES;
				CLANG_WARN__DUPLICATE_METHOD_MATCH = YES;
				COPY_PHASE_STRIP = NO;
				DEBUG_INFORMATION_FORMAT = "dwarf-with-dsym";
				ENABLE_NS_ASSERTIONS = NO;
				ENABLE_STRICT_OBJC_MSGSEND = YES;
				GCC_C_LANGUAGE_STANDARD = gnu11;
				GCC_NO_COMMON_BLOCKS = YES;
				GCC_WARN_64_TO_32_BIT_CONVERSION = YES;
				GCC_WARN_ABOUT_RETURN_TYPE = YES_ERROR;
				GCC_WARN_UNDECLARED_SELECTOR = YES;
				GCC_WARN_UNINITIALIZED_AUTOS = YES_AGGRESSIVE;
				GCC_WARN_UNUSED_FUNCTION = YES;
				GCC_WARN_UNUSED_VARIABLE = YES;
				IPHONEOS_DEPLOYMENT_TARGET = 13.4;
				MTL_ENABLE_DEBUG_INFO = NO;
				MTL_FAST_MATH = YES;
				SDKROOT = iphoneos;
				SWIFT_COMPILATION_MODE = wholemodule;
				SWIFT_OPTIMIZATION_LEVEL = "-O";
				VALIDATE_PRODUCT = YES;
			};
			name = Release;
		};
		BAD5989D242E710A00D77AAF /* Debug */ = {
			isa = XCBuildConfiguration;
			buildSettings = {
				ASSETCATALOG_COMPILER_APPICON_NAME = AppIcon;
				CODE_SIGN_STYLE = Automatic;
				INFOPLIST_FILE = FanGo/Info.plist;
				LD_RUNPATH_SEARCH_PATHS = (
					"$(inherited)",
					"@executable_path/Frameworks",
				);
				PRODUCT_BUNDLE_IDENTIFIER = com.ta.FanGo;
				PRODUCT_NAME = "$(TARGET_NAME)";
				SWIFT_VERSION = 5.0;
				TARGETED_DEVICE_FAMILY = "1,2";
			};
			name = Debug;
		};
		BAD5989E242E710A00D77AAF /* Release */ = {
			isa = XCBuildConfiguration;
			buildSettings = {
				ASSETCATALOG_COMPILER_APPICON_NAME = AppIcon;
				CODE_SIGN_STYLE = Automatic;
				INFOPLIST_FILE = FanGo/Info.plist;
				LD_RUNPATH_SEARCH_PATHS = (
					"$(inherited)",
					"@executable_path/Frameworks",
				);
				PRODUCT_BUNDLE_IDENTIFIER = com.ta.FanGo;
				PRODUCT_NAME = "$(TARGET_NAME)";
				SWIFT_VERSION = 5.0;
				TARGETED_DEVICE_FAMILY = "1,2";
			};
			name = Release;
		};
/* End XCBuildConfiguration section */

/* Begin XCConfigurationList section */
		BAD59880242E710600D77AAF /* Build configuration list for PBXProject "FanGo" */ = {
			isa = XCConfigurationList;
			buildConfigurations = (
				BAD5989A242E710A00D77AAF /* Debug */,
				BAD5989B242E710A00D77AAF /* Release */,
			);
			defaultConfigurationIsVisible = 0;
			defaultConfigurationName = Release;
		};
		BAD5989C242E710A00D77AAF /* Build configuration list for PBXNativeTarget "FanGo" */ = {
			isa = XCConfigurationList;
			buildConfigurations = (
				BAD5989D242E710A00D77AAF /* Debug */,
				BAD5989E242E710A00D77AAF /* Release */,
			);
			defaultConfigurationIsVisible = 0;
			defaultConfigurationName = Release;
		};
/* End XCConfigurationList section */

/* Begin XCVersionGroup section */
		BAD59891242E710600D77AAF /* FanGo.xcdatamodeld */ = {
			isa = XCVersionGroup;
			children = (
				BAD59892242E710600D77AAF /* FanGo.xcdatamodel */,
			);
			currentVersion = BAD59892242E710600D77AAF /* FanGo.xcdatamodel */;
			path = FanGo.xcdatamodeld;
			sourceTree = "<group>";
			versionGroupType = wrapper.xcdatamodel;
		};
/* End XCVersionGroup section */
	};
	rootObject = BAD5987D242E710600D77AAF /* Project object */;
}
